[[package]]
name = "aiokafka"
version = "0.7.0"
description = "Kafka integration with asyncio."
category = "main"
optional = false
python-versions = "*"

[package.dependencies]
kafka-python = ">=2.0.0"

[package.extras]
snappy = ["python-snappy (>=0.5)"]

[[package]]
name = "aiven-client"
version = "2.9.0"
description = "Aiven.io client library / command-line client"
category = "main"
optional = false
python-versions = "*"

[package.dependencies]
requests = ">=2.2.1"

[[package]]
name = "asyncpg"
version = "0.21.0"
description = "An asyncio PostgreSQL driver"
category = "main"
optional = false
python-versions = ">=3.5.0"

[package.extras]
test = ["pycodestyle (>=2.5.0,<2.6.0)", "flake8 (>=3.7.9,<3.8.0)", "uvloop (>=0.14.0,<0.15.0)"]
docs = ["Sphinx (>=1.7.3,<1.8.0)", "sphinxcontrib-asyncio (>=0.2.0,<0.3.0)", "sphinx-rtd-theme (>=0.2.4,<0.3.0)"]
dev = ["Cython (==0.29.20)", "pytest (>=3.6.0)", "Sphinx (>=1.7.3,<1.8.0)", "sphinxcontrib-asyncio (>=0.2.0,<0.3.0)", "sphinx-rtd-theme (>=0.2.4,<0.3.0)", "pycodestyle (>=2.5.0,<2.6.0)", "flake8 (>=3.7.9,<3.8.0)", "uvloop (>=0.14.0,<0.15.0)"]

[[package]]
name = "atomicwrites"
version = "1.4.0"
description = "Atomic file writes."
category = "dev"
optional = false
python-versions = ">=2.7, !=3.0.*, !=3.1.*, !=3.2.*, !=3.3.*"

[[package]]
name = "attrs"
version = "20.3.0"
description = "Classes Without Boilerplate"
category = "dev"
optional = false
python-versions = ">=2.7, !=3.0.*, !=3.1.*, !=3.2.*, !=3.3.*"

[package.extras]
docs = ["furo", "sphinx", "zope.interface"]
tests = ["coverage[toml] (>=5.0.2)", "hypothesis", "pympler", "pytest (>=4.3.0)", "six", "zope.interface"]
tests_no_zope = ["coverage[toml] (>=5.0.2)", "hypothesis", "pympler", "pytest (>=4.3.0)", "six"]
dev = ["coverage[toml] (>=5.0.2)", "hypothesis", "pympler", "pytest (>=4.3.0)", "six", "zope.interface", "furo", "sphinx", "pre-commit"]

[[package]]
name = "certifi"
version = "2020.12.5"
description = "Python package for providing Mozilla's CA Bundle."
category = "main"
optional = false
python-versions = "*"

[[package]]
name = "chardet"
version = "4.0.0"
description = "Universal encoding detector for Python 2 and 3"
category = "main"
optional = false
python-versions = ">=2.7, !=3.0.*, !=3.1.*, !=3.2.*, !=3.3.*, !=3.4.*"

[[package]]
name = "colorama"
version = "0.4.4"
description = "Cross-platform colored terminal text."
category = "dev"
optional = false
python-versions = ">=2.7, !=3.0.*, !=3.1.*, !=3.2.*, !=3.3.*, !=3.4.*"

[[package]]
name = "fastdiff"
version = "0.2.0"
description = "A fast native implementation of diff algorithm with a pure python fallback"
category = "dev"
optional = false
python-versions = "*"

[package.dependencies]
wasmer = {version = ">=0.3.0", markers = "python_version >= \"3.5\" and platform_machine == \"x86_64\" and sys_platform == \"darwin\" or python_version >= \"3.5\" and platform_machine == \"x86_64\" and sys_platform == \"linux\""}

[[package]]
name = "flake8"
version = "3.8.4"
description = "the modular source code checker: pep8 pyflakes and co"
category = "dev"
optional = false
python-versions = "!=3.0.*,!=3.1.*,!=3.2.*,!=3.3.*,>=2.7"

[package.dependencies]
mccabe = ">=0.6.0,<0.7.0"
pycodestyle = ">=2.6.0a1,<2.7.0"
pyflakes = ">=2.2.0,<2.3.0"

[[package]]
name = "h11"
version = "0.11.0"
description = "A pure-Python, bring-your-own-I/O implementation of HTTP/1.1"
category = "main"
optional = false
python-versions = "*"

[[package]]
name = "httpcore"
version = "0.12.2"
description = "A minimal low-level HTTP client."
category = "main"
optional = false
python-versions = ">=3.6"

[package.dependencies]
h11 = "<1.0.0"
sniffio = ">=1.0.0,<2.0.0"

[package.extras]
http2 = ["h2 (>=3,<5)"]

[[package]]
name = "httpx"
version = "0.16.1"
description = "The next generation HTTP client."
category = "main"
optional = false
python-versions = ">=3.6"

[package.dependencies]
certifi = "*"
httpcore = ">=0.12.0,<0.13.0"
rfc3986 = {version = ">=1.3,<2", extras = ["idna2008"]}
sniffio = "*"

[package.extras]
brotli = ["brotlipy (>=0.7.0,<0.8.0)"]
http2 = ["h2 (>=3.0.0,<4.0.0)"]

[[package]]
name = "idna"
version = "2.10"
description = "Internationalized Domain Names in Applications (IDNA)"
category = "main"
optional = false
python-versions = ">=2.7, !=3.0.*, !=3.1.*, !=3.2.*, !=3.3.*"

[[package]]
name = "iniconfig"
version = "1.1.1"
description = "iniconfig: brain-dead simple config-ini parsing"
category = "dev"
optional = false
python-versions = "*"

[[package]]
name = "kafka-python"
version = "2.0.2"
description = "Pure Python client for Apache Kafka"
category = "main"
optional = false
python-versions = "*"

[package.extras]
crc32c = ["crc32c"]

[[package]]
name = "mccabe"
version = "0.6.1"
description = "McCabe checker, plugin for flake8"
category = "dev"
optional = false
python-versions = "*"

[[package]]
name = "packaging"
version = "20.8"
description = "Core utilities for Python packages"
category = "dev"
optional = false
python-versions = ">=2.7, !=3.0.*, !=3.1.*, !=3.2.*, !=3.3.*"

[package.dependencies]
pyparsing = ">=2.0.2"

[[package]]
name = "pluggy"
version = "0.13.1"
description = "plugin and hook calling mechanisms for python"
category = "dev"
optional = false
python-versions = ">=2.7, !=3.0.*, !=3.1.*, !=3.2.*, !=3.3.*"

[package.extras]
dev = ["pre-commit", "tox"]

[[package]]
name = "py"
version = "1.10.0"
description = "library with cross-python path, ini-parsing, io, code, log facilities"
category = "dev"
optional = false
python-versions = ">=2.7, !=3.0.*, !=3.1.*, !=3.2.*, !=3.3.*"

[[package]]
name = "pycodestyle"
version = "2.6.0"
description = "Python style guide checker"
category = "dev"
optional = false
python-versions = ">=2.7, !=3.0.*, !=3.1.*, !=3.2.*, !=3.3.*"

[[package]]
name = "pyflakes"
version = "2.2.0"
description = "passive checker of Python programs"
category = "dev"
optional = false
python-versions = ">=2.7, !=3.0.*, !=3.1.*, !=3.2.*, !=3.3.*"

[[package]]
name = "pyparsing"
version = "2.4.7"
description = "Python parsing module"
category = "dev"
optional = false
python-versions = ">=2.6, !=3.0.*, !=3.1.*, !=3.2.*"

[[package]]
name = "pytest"
version = "6.2.1"
description = "pytest: simple powerful testing with Python"
category = "dev"
optional = false
python-versions = ">=3.6"

[package.dependencies]
py = ">=1.8.2"
iniconfig = "*"
packaging = "*"
colorama = {version = "*", markers = "sys_platform == \"win32\""}
attrs = ">=19.2.0"
toml = "*"
pluggy = ">=0.12,<1.0.0a1"
atomicwrites = {version = ">=1.0", markers = "sys_platform == \"win32\""}

[package.extras]
testing = ["argcomplete", "hypothesis (>=3.56)", "mock", "nose", "requests", "xmlschema"]

[[package]]
name = "requests"
version = "2.25.1"
description = "Python HTTP for Humans."
category = "main"
optional = false
python-versions = ">=2.7, !=3.0.*, !=3.1.*, !=3.2.*, !=3.3.*, !=3.4.*"

[package.dependencies]
idna = ">=2.5,<3"
certifi = ">=2017.4.17"
chardet = ">=3.0.2,<5"
urllib3 = ">=1.21.1,<1.27"

[package.extras]
security = ["pyOpenSSL (>=0.14)", "cryptography (>=1.3.4)"]
socks = ["PySocks (>=1.5.6,!=1.5.7)", "win-inet-pton"]

[[package]]
name = "rfc3986"
version = "1.4.0"
description = "Validating URI References per RFC 3986"
category = "main"
optional = false
python-versions = "*"

[package.dependencies]
idna = {version = "*", optional = true, markers = "extra == \"idna2008\""}

[package.extras]
idna2008 = ["idna"]

[[package]]
name = "six"
version = "1.15.0"
description = "Python 2 and 3 compatibility utilities"
category = "dev"
optional = false
python-versions = ">=2.7, !=3.0.*, !=3.1.*, !=3.2.*"

[[package]]
name = "snapshottest"
version = "0.6.0"
description = "Snapshot testing for pytest, unittest, Django, and Nose"
category = "dev"
optional = false
python-versions = "*"

[package.dependencies]
six = ">=1.10.0"
termcolor = "*"
fastdiff = ">=0.1.4,<1"

[package.extras]
test = ["six", "pytest (>=4.6)", "pytest-cov", "nose", "django (>=1.10.6)"]
pytest = ["pytest"]
nose = ["nose"]

[[package]]
name = "sniffio"
version = "1.2.0"
description = "Sniff out which async library your code is running under"
category = "main"
optional = false
python-versions = ">=3.5"

[[package]]
name = "termcolor"
version = "1.1.0"
description = "ANSII Color formatting for output in terminal."
category = "dev"
optional = false
python-versions = "*"

[[package]]
name = "toml"
version = "0.10.2"
description = "Python Library for Tom's Obvious, Minimal Language"
category = "dev"
optional = false
python-versions = ">=2.6, !=3.0.*, !=3.1.*, !=3.2.*"

[[package]]
name = "urllib3"
version = "1.26.2"
description = "HTTP library with thread-safe connection pooling, file post, and more."
category = "main"
optional = false
python-versions = ">=2.7, !=3.0.*, !=3.1.*, !=3.2.*, !=3.3.*, !=3.4.*, <4"

[package.extras]
brotli = ["brotlipy (>=0.6.0)"]
secure = ["pyOpenSSL (>=0.14)", "cryptography (>=1.3.4)", "idna (>=2.0.0)", "certifi", "ipaddress"]
socks = ["PySocks (>=1.5.6,!=1.5.7,<2.0)"]

[[package]]
name = "wasmer"
version = "0.4.1"
description = "Python extension to run WebAssembly binaries"
category = "dev"
optional = false
python-versions = "*"

[metadata]
lock-version = "1.1"
python-versions = "^3.9"
content-hash = "5c286101429195e1bbdc321eeeb6a92a23cb04f6b865a944ae907adf315acb28"

[metadata.files]
aiokafka = [
    {file = "aiokafka-0.7.0-cp36-cp36m-macosx_10_9_x86_64.whl", hash = "sha256:915456fc9b7fd2f2f19fb3734b1135aef68aac98a7847bf404a3ea49402696fc"},
    {file = "aiokafka-0.7.0-cp36-cp36m-manylinux1_i686.whl", hash = "sha256:29033fd6007a433d4a1c24504aa8a9b846249ff44691e47964d7892b91236d2f"},
    {file = "aiokafka-0.7.0-cp36-cp36m-manylinux1_x86_64.whl", hash = "sha256:a5b994e848ae3cafe49976cb499deff68a548d5c9df2b1bfd3d17d674a006e8e"},
    {file = "aiokafka-0.7.0-cp36-cp36m-manylinux2010_i686.whl", hash = "sha256:7a9182e82baec5a7c6e0b6b94ec603a6f740659e0fd1045c1d61eff15395f8b7"},
    {file = "aiokafka-0.7.0-cp36-cp36m-manylinux2010_x86_64.whl", hash = "sha256:1c46e8299cb3e1dceedc86af3b46adc5ac6af3ca16e48881443cd59859b95b9b"},
    {file = "aiokafka-0.7.0-cp36-cp36m-win32.whl", hash = "sha256:fbedafff654fefb2bdfa0eb5109b8eda19881baa87804a30ff97c1ea2c12eda2"},
    {file = "aiokafka-0.7.0-cp36-cp36m-win_amd64.whl", hash = "sha256:2d5ca0e1467985c7f7e28b73e557575c413a53bbbedc11a97d74d6beeccca000"},
    {file = "aiokafka-0.7.0-cp37-cp37m-macosx_10_9_x86_64.whl", hash = "sha256:0664dabab3afebc9a39d80a41e4438de21b59f90fac5796038e5776013188938"},
    {file = "aiokafka-0.7.0-cp37-cp37m-manylinux1_i686.whl", hash = "sha256:09a0747b96da6d3add0b2f271d4aaabd67c0d2113883430c003596017e8a61fc"},
    {file = "aiokafka-0.7.0-cp37-cp37m-manylinux1_x86_64.whl", hash = "sha256:776674fbbbc7941b7b6860a1bd501eaf62a173ae4d54d3842aa8c0e551a61388"},
    {file = "aiokafka-0.7.0-cp37-cp37m-manylinux2010_i686.whl", hash = "sha256:505dc8dd23f18c01cdc0467df6890f2622ffdd570b66be23c748d4560362cfc2"},
    {file = "aiokafka-0.7.0-cp37-cp37m-manylinux2010_x86_64.whl", hash = "sha256:53ffa97d993867e8dfa62984331af6aa28ce18bdfea410655f0d3fd888cac39a"},
    {file = "aiokafka-0.7.0-cp37-cp37m-win32.whl", hash = "sha256:bf8db67400f9706ba84dcb0082ee1292095dff87e4ac074092e69403fc6e563a"},
    {file = "aiokafka-0.7.0-cp37-cp37m-win_amd64.whl", hash = "sha256:1c390e146cb340bbb722c22ef01993ba66d61c37e3d0fe996559a2bebcf53bbb"},
    {file = "aiokafka-0.7.0-cp38-cp38-macosx_10_9_x86_64.whl", hash = "sha256:9a165f7c21eea37f2345f97ae52d1231399c66e7640a40087813ff50309cc89d"},
    {file = "aiokafka-0.7.0-cp38-cp38-manylinux1_i686.whl", hash = "sha256:75c63ef46759d5c1cdb0d152c27c042419d84ac8b15b244c1d6d630cf367758b"},
    {file = "aiokafka-0.7.0-cp38-cp38-manylinux1_x86_64.whl", hash = "sha256:94b26b766329e309d302b54e20b80022d8ba554674044ed85bc6ef89a84b6560"},
    {file = "aiokafka-0.7.0-cp38-cp38-manylinux2010_i686.whl", hash = "sha256:2a33397136336b9c33269c8f82c210732a697504121cb67afc09a03ef27372ab"},
    {file = "aiokafka-0.7.0-cp38-cp38-manylinux2010_x86_64.whl", hash = "sha256:50502f434837f604b3d13180cef7f051195fc38c8970e55ea694c64bf41e2e11"},
    {file = "aiokafka-0.7.0-cp38-cp38-win32.whl", hash = "sha256:7e2f875454f4822fb4701cd45cd4a295f57f9f0695836cb0a3a382ea2ed94b22"},
    {file = "aiokafka-0.7.0-cp38-cp38-win_amd64.whl", hash = "sha256:af871da87a3a8b0a2788ae2c5f37f2208e3e5372b6e0e6df09851f370844619f"},
    {file = "aiokafka-0.7.0-cp39-cp39-macosx_10_9_x86_64.whl", hash = "sha256:efc39946efb2640e0ca46828d8631fa62bd23edfd8f40ee4075e5f0c9bb655d6"},
    {file = "aiokafka-0.7.0-cp39-cp39-manylinux1_i686.whl", hash = "sha256:8cd5380e1a9356f802988e4f52b2cd255819d82f11655ad86d6cd319b177f48e"},
    {file = "aiokafka-0.7.0-cp39-cp39-manylinux1_x86_64.whl", hash = "sha256:6c76a7bb5d69215dc64bf6c6f646f34f5b7e5c4771e49a1d71922f43d69dd3da"},
    {file = "aiokafka-0.7.0-cp39-cp39-manylinux2010_i686.whl", hash = "sha256:21cf243a218104ba696dc60cf37e5c773ac2087fb06f3adf012a2a4c9b093c82"},
    {file = "aiokafka-0.7.0-cp39-cp39-manylinux2010_x86_64.whl", hash = "sha256:0585b34fc53d35bbf26e0a54f0c5d5d0653042b43a769f55df550398c512a172"},
    {file = "aiokafka-0.7.0-cp39-cp39-win32.whl", hash = "sha256:9a77c3315640ae94010b38c46a4df9c54e8f29d3f8d706ff398b35754cdb23c5"},
    {file = "aiokafka-0.7.0-cp39-cp39-win_amd64.whl", hash = "sha256:48dac32e19f596514f0e3fc0a75079cbeaddb4c196696fd7da8c5a27f163dfac"},
    {file = "aiokafka-0.7.0.tar.gz", hash = "sha256:2a4bf3a7afc6406cb37c153256c35629c1d69caf63e4a3b5b1c3863d97a17b74"},
]
aiven-client = [
    {file = "aiven-client-2.9.0.tar.gz", hash = "sha256:02e2aa96f1027ec92b5f5855974e623ff8699cab44f382d1d54cc1786e6b7d04"},
]
asyncpg = [
    {file = "asyncpg-0.21.0-cp35-cp35m-macosx_10_13_x86_64.whl", hash = "sha256:09badce47a4645cfe523cc8a182bd047d5d62af0caaea77935e6a3c9e77dc364"},
    {file = "asyncpg-0.21.0-cp35-cp35m-manylinux1_i686.whl", hash = "sha256:6b7807bfedd24dd15cfb2c17c60977ce01410615ecc285268b5144a944ec97ff"},
    {file = "asyncpg-0.21.0-cp35-cp35m-manylinux1_x86_64.whl", hash = "sha256:dfd491e9865e64a3e91f1587b1d88d71dde1cfb850429253a73d4d44b98c3a0f"},
    {file = "asyncpg-0.21.0-cp35-cp35m-manylinux2014_aarch64.whl", hash = "sha256:8587e206d78e739ca83a40c9982e03b28f8904c95a54dc782da99e86cf768f73"},
    {file = "asyncpg-0.21.0-cp35-cp35m-win32.whl", hash = "sha256:b1b10916c006e5c2c0dcd5dadeb38cbf61ecd20d66c50164e82f31c22c7e329d"},
    {file = "asyncpg-0.21.0-cp35-cp35m-win_amd64.whl", hash = "sha256:22d161618b59e4b56fb2a5cc956aa9eeb336d07cae924a5b90c9aa1c2d137f15"},
    {file = "asyncpg-0.21.0-cp36-cp36m-macosx_10_13_x86_64.whl", hash = "sha256:f2d1aa890ffd1ad062a38b7ff7488764b3da4b0a24e0c83d7bbb1d1a6609df15"},
    {file = "asyncpg-0.21.0-cp36-cp36m-manylinux1_i686.whl", hash = "sha256:e7bfb9269aeb11d78d50accf1be46823683ced99209b7199e307cdf7da849522"},
    {file = "asyncpg-0.21.0-cp36-cp36m-manylinux1_x86_64.whl", hash = "sha256:68f7981f65317a5d5f497ec76919b488dbe0e838f8b924e7517a680bdca0f308"},
    {file = "asyncpg-0.21.0-cp36-cp36m-manylinux2014_aarch64.whl", hash = "sha256:a4c1feb285ec3807ecd5b54ab718a3d065bb55c93ebaf800670eadde31484be8"},
    {file = "asyncpg-0.21.0-cp36-cp36m-win32.whl", hash = "sha256:dddf4d4c5e781310a36529c3c87c1746837c2d2c7ec0f2ec4e4f06450d83c50a"},
    {file = "asyncpg-0.21.0-cp36-cp36m-win_amd64.whl", hash = "sha256:7ee29c4707eb8fb3d3a0348ac4495e06f4afaca3ee38c3bebedc9c8b239125ff"},
    {file = "asyncpg-0.21.0-cp37-cp37m-macosx_10_13_x86_64.whl", hash = "sha256:4421407b07b4e22291a226d9de0bf6f3ea8158aa1c12d83bfedbf5c22e13cd55"},
    {file = "asyncpg-0.21.0-cp37-cp37m-manylinux1_i686.whl", hash = "sha256:aa2e0cb14c01a2f58caeeca7196681b30aa22dd22c82845560b401df5e98e171"},
    {file = "asyncpg-0.21.0-cp37-cp37m-manylinux1_x86_64.whl", hash = "sha256:28584783dd0d21b2a0db3bfe54fb12f21425a4cc015e4419083ea99e6de0de9b"},
    {file = "asyncpg-0.21.0-cp37-cp37m-manylinux2014_aarch64.whl", hash = "sha256:915cebc8a7693c8a5e89804fa106678dbedcc50d0270ebab0b75f16e668bd59b"},
    {file = "asyncpg-0.21.0-cp37-cp37m-win32.whl", hash = "sha256:308b8ba32c42ea1ed84c034320678ec307296bb4faf3fbbeb9f9e20b46db99a5"},
    {file = "asyncpg-0.21.0-cp37-cp37m-win_amd64.whl", hash = "sha256:888593b6688faa7ec1c97ff7f2ca3b5a5b8abb15478fe2a13c5012b607a28737"},
    {file = "asyncpg-0.21.0-cp38-cp38-macosx_10_13_x86_64.whl", hash = "sha256:ecd5232cf64f58caac3b85103f1223fdf20e9eb43bfa053c56ef9e5dd76ab099"},
    {file = "asyncpg-0.21.0-cp38-cp38-manylinux1_i686.whl", hash = "sha256:3ade59cef35bffae6dbc6f5f3ef56e1d53c67f0a7adc3cc4c714f07568d2d717"},
    {file = "asyncpg-0.21.0-cp38-cp38-manylinux1_x86_64.whl", hash = "sha256:ea26604932719b3612541e606508d9d604211f56a65806ccf8c92c64104f4f8a"},
    {file = "asyncpg-0.21.0-cp38-cp38-manylinux2014_aarch64.whl", hash = "sha256:7e51d1a012b779e0ebf0195f80d004f65d3c60cc06f0fa1cef9d3e536262abbd"},
    {file = "asyncpg-0.21.0-cp38-cp38-win32.whl", hash = "sha256:615c7e3adb46e1f2e3aff45e4ee9401b4f24f9f7153e5530a0753369be72a5c6"},
    {file = "asyncpg-0.21.0-cp38-cp38-win_amd64.whl", hash = "sha256:823eca36108bd64a8600efe7bbf1230aa00f2defa3be42852f3b61ab40cf1226"},
    {file = "asyncpg-0.21.0.tar.gz", hash = "sha256:53cb2a0eb326f61e34ef4da2db01d87ce9c0ebe396f65a295829df334e31863f"},
]
atomicwrites = [
    {file = "atomicwrites-1.4.0-py2.py3-none-any.whl", hash = "sha256:6d1784dea7c0c8d4a5172b6c620f40b6e4cbfdf96d783691f2e1302a7b88e197"},
    {file = "atomicwrites-1.4.0.tar.gz", hash = "sha256:ae70396ad1a434f9c7046fd2dd196fc04b12f9e91ffb859164193be8b6168a7a"},
]
attrs = [
    {file = "attrs-20.3.0-py2.py3-none-any.whl", hash = "sha256:31b2eced602aa8423c2aea9c76a724617ed67cf9513173fd3a4f03e3a929c7e6"},
    {file = "attrs-20.3.0.tar.gz", hash = "sha256:832aa3cde19744e49938b91fea06d69ecb9e649c93ba974535d08ad92164f700"},
]
certifi = [
    {file = "certifi-2020.12.5-py2.py3-none-any.whl", hash = "sha256:719a74fb9e33b9bd44cc7f3a8d94bc35e4049deebe19ba7d8e108280cfd59830"},
    {file = "certifi-2020.12.5.tar.gz", hash = "sha256:1a4995114262bffbc2413b159f2a1a480c969de6e6eb13ee966d470af86af59c"},
]
chardet = [
    {file = "chardet-4.0.0-py2.py3-none-any.whl", hash = "sha256:f864054d66fd9118f2e67044ac8981a54775ec5b67aed0441892edb553d21da5"},
    {file = "chardet-4.0.0.tar.gz", hash = "sha256:0d6f53a15db4120f2b08c94f11e7d93d2c911ee118b6b30a04ec3ee8310179fa"},
]
colorama = [
    {file = "colorama-0.4.4-py2.py3-none-any.whl", hash = "sha256:9f47eda37229f68eee03b24b9748937c7dc3868f906e8ba69fbcbdd3bc5dc3e2"},
    {file = "colorama-0.4.4.tar.gz", hash = "sha256:5941b2b48a20143d2267e95b1c2a7603ce057ee39fd88e7329b0c292aa16869b"},
]
fastdiff = [
    {file = "fastdiff-0.2.0.tar.gz", hash = "sha256:623ad3d9055ab78e014d0d10767cb033d98d5d4f66052abf498350c8e42e29aa"},
]
flake8 = [
    {file = "flake8-3.8.4-py2.py3-none-any.whl", hash = "sha256:749dbbd6bfd0cf1318af27bf97a14e28e5ff548ef8e5b1566ccfb25a11e7c839"},
    {file = "flake8-3.8.4.tar.gz", hash = "sha256:aadae8761ec651813c24be05c6f7b4680857ef6afaae4651a4eccaef97ce6c3b"},
]
h11 = [
    {file = "h11-0.11.0-py2.py3-none-any.whl", hash = "sha256:ab6c335e1b6ef34b205d5ca3e228c9299cc7218b049819ec84a388c2525e5d87"},
    {file = "h11-0.11.0.tar.gz", hash = "sha256:3c6c61d69c6f13d41f1b80ab0322f1872702a3ba26e12aa864c928f6a43fbaab"},
]
httpcore = [
    {file = "httpcore-0.12.2-py3-none-any.whl", hash = "sha256:420700af11db658c782f7e8fda34f9dcd95e3ee93944dd97d78cb70247e0cd06"},
    {file = "httpcore-0.12.2.tar.gz", hash = "sha256:dd1d762d4f7c2702149d06be2597c35fb154c5eff9789a8c5823fbcf4d2978d6"},
]
httpx = [
    {file = "httpx-0.16.1-py3-none-any.whl", hash = "sha256:9cffb8ba31fac6536f2c8cde30df859013f59e4bcc5b8d43901cb3654a8e0a5b"},
    {file = "httpx-0.16.1.tar.gz", hash = "sha256:126424c279c842738805974687e0518a94c7ae8d140cd65b9c4f77ac46ffa537"},
]
idna = [
    {file = "idna-2.10-py2.py3-none-any.whl", hash = "sha256:b97d804b1e9b523befed77c48dacec60e6dcb0b5391d57af6a65a312a90648c0"},
    {file = "idna-2.10.tar.gz", hash = "sha256:b307872f855b18632ce0c21c5e45be78c0ea7ae4c15c828c20788b26921eb3f6"},
]
iniconfig = [
    {file = "iniconfig-1.1.1-py2.py3-none-any.whl", hash = "sha256:011e24c64b7f47f6ebd835bb12a743f2fbe9a26d4cecaa7f53bc4f35ee9da8b3"},
    {file = "iniconfig-1.1.1.tar.gz", hash = "sha256:bc3af051d7d14b2ee5ef9969666def0cd1a000e121eaea580d4a313df4b37f32"},
]
kafka-python = [
    {file = "kafka-python-2.0.2.tar.gz", hash = "sha256:04dfe7fea2b63726cd6f3e79a2d86e709d608d74406638c5da33a01d45a9d7e3"},
    {file = "kafka_python-2.0.2-py2.py3-none-any.whl", hash = "sha256:2d92418c7cb1c298fa6c7f0fb3519b520d0d7526ac6cb7ae2a4fc65a51a94b6e"},
]
mccabe = [
    {file = "mccabe-0.6.1-py2.py3-none-any.whl", hash = "sha256:ab8a6258860da4b6677da4bd2fe5dc2c659cff31b3ee4f7f5d64e79735b80d42"},
    {file = "mccabe-0.6.1.tar.gz", hash = "sha256:dd8d182285a0fe56bace7f45b5e7d1a6ebcbf524e8f3bd87eb0f125271b8831f"},
]
packaging = [
    {file = "packaging-20.8-py2.py3-none-any.whl", hash = "sha256:24e0da08660a87484d1602c30bb4902d74816b6985b93de36926f5bc95741858"},
    {file = "packaging-20.8.tar.gz", hash = "sha256:78598185a7008a470d64526a8059de9aaa449238f280fc9eb6b13ba6c4109093"},
]
pluggy = [
    {file = "pluggy-0.13.1-py2.py3-none-any.whl", hash = "sha256:966c145cd83c96502c3c3868f50408687b38434af77734af1e9ca461a4081d2d"},
    {file = "pluggy-0.13.1.tar.gz", hash = "sha256:15b2acde666561e1298d71b523007ed7364de07029219b604cf808bfa1c765b0"},
]
py = [
    {file = "py-1.10.0-py2.py3-none-any.whl", hash = "sha256:3b80836aa6d1feeaa108e046da6423ab8f6ceda6468545ae8d02d9d58d18818a"},
    {file = "py-1.10.0.tar.gz", hash = "sha256:21b81bda15b66ef5e1a777a21c4dcd9c20ad3efd0b3f817e7a809035269e1bd3"},
]
pycodestyle = [
    {file = "pycodestyle-2.6.0-py2.py3-none-any.whl", hash = "sha256:2295e7b2f6b5bd100585ebcb1f616591b652db8a741695b3d8f5d28bdc934367"},
    {file = "pycodestyle-2.6.0.tar.gz", hash = "sha256:c58a7d2815e0e8d7972bf1803331fb0152f867bd89adf8a01dfd55085434192e"},
]
pyflakes = [
    {file = "pyflakes-2.2.0-py2.py3-none-any.whl", hash = "sha256:0d94e0e05a19e57a99444b6ddcf9a6eb2e5c68d3ca1e98e90707af8152c90a92"},
    {file = "pyflakes-2.2.0.tar.gz", hash = "sha256:35b2d75ee967ea93b55750aa9edbbf72813e06a66ba54438df2cfac9e3c27fc8"},
]
pyparsing = [
    {file = "pyparsing-2.4.7-py2.py3-none-any.whl", hash = "sha256:ef9d7589ef3c200abe66653d3f1ab1033c3c419ae9b9bdb1240a85b024efc88b"},
    {file = "pyparsing-2.4.7.tar.gz", hash = "sha256:c203ec8783bf771a155b207279b9bccb8dea02d8f0c9e5f8ead507bc3246ecc1"},
]
pytest = [
    {file = "pytest-6.2.1-py3-none-any.whl", hash = "sha256:1969f797a1a0dbd8ccf0fecc80262312729afea9c17f1d70ebf85c5e76c6f7c8"},
    {file = "pytest-6.2.1.tar.gz", hash = "sha256:66e419b1899bc27346cb2c993e12c5e5e8daba9073c1fbce33b9807abc95c306"},
]
requests = [
    {file = "requests-2.25.1-py2.py3-none-any.whl", hash = "sha256:c210084e36a42ae6b9219e00e48287def368a26d03a048ddad7bfee44f75871e"},
    {file = "requests-2.25.1.tar.gz", hash = "sha256:27973dd4a904a4f13b263a19c866c13b92a39ed1c964655f025f3f8d3d75b804"},
]
rfc3986 = [
    {file = "rfc3986-1.4.0-py2.py3-none-any.whl", hash = "sha256:af9147e9aceda37c91a05f4deb128d4b4b49d6b199775fd2d2927768abdc8f50"},
    {file = "rfc3986-1.4.0.tar.gz", hash = "sha256:112398da31a3344dc25dbf477d8df6cb34f9278a94fee2625d89e4514be8bb9d"},
]
six = [
    {file = "six-1.15.0-py2.py3-none-any.whl", hash = "sha256:8b74bedcbbbaca38ff6d7491d76f2b06b3592611af620f8426e82dddb04a5ced"},
    {file = "six-1.15.0.tar.gz", hash = "sha256:30639c035cdb23534cd4aa2dd52c3bf48f06e5f4a941509c8bafd8ce11080259"},
]
snapshottest = [
    {file = "snapshottest-0.6.0-py2.py3-none-any.whl", hash = "sha256:9b177cffe0870c589df8ddbee0a770149c5474b251955bdbde58b7f32a4ec429"},
    {file = "snapshottest-0.6.0.tar.gz", hash = "sha256:bbcaf81d92d8e330042e5c928e13d9f035e99e91b314fe55fda949c2f17b653c"},
]
sniffio = [
    {file = "sniffio-1.2.0-py3-none-any.whl", hash = "sha256:471b71698eac1c2112a40ce2752bb2f4a4814c22a54a3eed3676bc0f5ca9f663"},
    {file = "sniffio-1.2.0.tar.gz", hash = "sha256:c4666eecec1d3f50960c6bdf61ab7bc350648da6c126e3cf6898d8cd4ddcd3de"},
]
termcolor = [
    {file = "termcolor-1.1.0.tar.gz", hash = "sha256:1d6d69ce66211143803fbc56652b41d73b4a400a2891d7bf7a1cdf4c02de613b"},
]
toml = [
    {file = "toml-0.10.2-py2.py3-none-any.whl", hash = "sha256:806143ae5bfb6a3c6e736a764057db0e6a0e05e338b5630894a5f779cabb4f9b"},
    {file = "toml-0.10.2.tar.gz", hash = "sha256:b3bda1d108d5dd99f4a20d24d9c348e91c4db7ab1b749200bded2f839ccbe68f"},
]
urllib3 = [
    {file = "urllib3-1.26.2-py2.py3-none-any.whl", hash = "sha256:d8ff90d979214d7b4f8ce956e80f4028fc6860e4431f731ea4a8c08f23f99473"},
    {file = "urllib3-1.26.2.tar.gz", hash = "sha256:19188f96923873c92ccb987120ec4acaa12f0461fa9ce5d3d0772bc965a39e08"},
]
wasmer = [
    {file = "wasmer-0.4.1-cp36-cp36m-macosx_10_7_x86_64.whl", hash = "sha256:519d9f7a33f0dc28498edf8d074944df1cfda3f4d56a6b0a9dc606e99f230c07"},
    {file = "wasmer-0.4.1-cp36-cp36m-manylinux1_x86_64.whl", hash = "sha256:c36c6c7a3582c0467ea76c5b86a5a25c2e1a713669ebf8fc6511b26f30828ed7"},
    {file = "wasmer-0.4.1-cp37-cp37m-macosx_10_7_x86_64.whl", hash = "sha256:6e37fd76931da954d12f7708e7fc790c479e17ea6dfe54bb4f1403d6fe919c62"},
    {file = "wasmer-0.4.1-cp37-cp37m-manylinux1_x86_64.whl", hash = "sha256:d5a58b318628bd48605a4810ee9ba030ec4423dee730d45f031bd082cf36ad8b"},
    {file = "wasmer-0.4.1-cp38-cp38-macosx_10_7_x86_64.whl", hash = "sha256:f864b1e910e6803aa8f3ed9c371b145f0b6fd191f5fbefea011ac7ed4258734d"},
    {file = "wasmer-0.4.1-cp38-cp38-manylinux1_x86_64.whl", hash = "sha256:fa1c8479781c91e6b814ef006f6e099b6550eba12601a8617475fb514fc09365"},
    {file = "wasmer-0.4.1-py3-none-any.whl", hash = "sha256:92aee4b3994735f72e27c9deaca36d063781ddfd1068756bf63509288c1a2c14"},
]
